
Microsoft Visual Studio Solution File, Format Version 12.00
# Visual Studio 15
VisualStudioVersion = 15.0.28306.52
MinimumVisualStudioVersion = 10.0.40219.1
Project("{FAE04EC0-301F-11D3-BF4B-00C04F79EFBC}") = "UWP-PasswordVault-Helper", "Library\UWP-PasswordVault-Helper.csproj", "{D743AC45-D5C0-494B-9F61-B76C54AABDD6}"
EndProject
Project("{FAE04EC0-301F-11D3-BF4B-00C04F79EFBC}") = "UnitTestApp", "UnitTestApp\UnitTestApp.csproj", "{2126E69E-037E-4958-A780-9B130C58AFCE}"
EndProject
Project("{2150E333-8FDC-42A3-9474-1A3956D46DE8}") = "Library", "Library", "{672EDA44-62CD-4B70-859C-AC3E020CA969}"
EndProject
Project("{2150E333-8FDC-42A3-9474-1A3956D46DE8}") = "Test", "Test", "{4D17816F-A923-4858-BC0C-415686837B2F}"
EndProject
Global
	GlobalSection(SolutionConfigurationPlatforms) = preSolution
		Debug|Any CPU = Debug|Any CPU
		Debug|ARM = Debug|ARM
		Debug|ARM64 = Debug|ARM64
		Debug|x64 = Debug|x64
		Debug|x86 = Debug|x86
		Release|Any CPU = Release|Any CPU
		Release|ARM = Release|ARM
		Release|ARM64 = Release|ARM64
		Release|x64 = Release|x64
		Release|x86 = Release|x86
	EndGlobalSection
	GlobalSection(ProjectConfigurationPlatforms) = postSolution
		{D743AC45-D5C0-494B-9F61-B76C54AABDD6}.Debug|Any CPU.ActiveCfg = Debug|Any CPU
		{D743AC45-D5C0-494B-9F61-B76C54AABDD6}.Debug|Any CPU.Build.0 = Debug|Any CPU
		{D743AC45-D5C0-494B-9F61-B76C54AABDD6}.Debug|ARM.ActiveCfg = Debug|ARM
		{D743AC45-D5C0-494B-9F61-B76C54AABDD6}.Debug|ARM.Build.0 = Debug|ARM
		{D743AC45-D5C0-494B-9F61-B76C54AABDD6}.Debug|ARM64.ActiveCfg = Debug|ARM64
		{D743AC45-D5C0-494B-9F61-B76C54AABDD6}.Debug|ARM64.Build.0 = Debug|ARM64
		{D743AC45-D5C0-494B-9F61-B76C54AABDD6}.Debug|x64.ActiveCfg = Debug|x64
		{D743AC45-D5C0-494B-9F61-B76C54AABDD6}.Debug|x64.Build.0 = Debug|x64
		{D743AC45-D5C0-494B-9F61-B76C54AABDD6}.Debug|x86.ActiveCfg = Debug|x86
		{D743AC45-D5C0-494B-9F61-B76C54AABDD6}.Debug|x86.Build.0 = Debug|x86
		{D743AC45-D5C0-494B-9F61-B76C54AABDD6}.Release|Any CPU.ActiveCfg = Release|Any CPU
		{D743AC45-D5C0-494B-9F61-B76C54AABDD6}.Release|Any CPU.Build.0 = Release|Any CPU
		{D743AC45-D5C0-494B-9F61-B76C54AABDD6}.Release|ARM.ActiveCfg = Release|ARM
		{D743AC45-D5C0-494B-9F61-B76C54AABDD6}.Release|ARM.Build.0 = Release|ARM
		{D743AC45-D5C0-494B-9F61-B76C54AABDD6}.Release|ARM64.ActiveCfg = Release|ARM64
		{D743AC45-D5C0-494B-9F61-B76C54AABDD6}.Release|ARM64.Build.0 = Release|ARM64
		{D743AC45-D5C0-494B-9F61-B76C54AABDD6}.Release|x64.ActiveCfg = Release|x64
		{D743AC45-D5C0-494B-9F61-B76C54AABDD6}.Release|x64.Build.0 = Release|x64
		{D743AC45-D5C0-494B-9F61-B76C54AABDD6}.Release|x86.ActiveCfg = Release|x86
		{D743AC45-D5C0-494B-9F61-B76C54AABDD6}.Release|x86.Build.0 = Release|x86
		{2126E69E-037E-4958-A780-9B130C58AFCE}.Debug|Any CPU.ActiveCfg = Debug|x86
		{2126E69E-037E-4958-A780-9B130C58AFCE}.Debug|ARM.ActiveCfg = Debug|ARM
		{2126E69E-037E-4958-A780-9B130C58AFCE}.Debug|ARM.Build.0 = Debug|ARM
		{2126E69E-037E-4958-A780-9B130C58AFCE}.Debug|ARM.Deploy.0 = Debug|ARM
		{2126E69E-037E-4958-A780-9B130C58AFCE}.Debug|ARM64.ActiveCfg = Debug|ARM64
		{2126E69E-037E-4958-A780-9B130C58AFCE}.Debug|ARM64.Build.0 = Debug|ARM64
		{2126E69E-037E-4958-A780-9B130C58AFCE}.Debug|ARM64.Deploy.0 = Debug|ARM64
		{2126E69E-037E-4958-A780-9B130C58AFCE}.Debug|x64.ActiveCfg = Debug|x64
		{2126E69E-037E-4958-A780-9B130C58AFCE}.Debug|x64.Build.0 = Debug|x64
		{2126E69E-037E-4958-A780-9B130C58AFCE}.Debug|x64.Deploy.0 = Debug|x64
		{2126E69E-037E-4958-A780-9B130C58AFCE}.Debug|x86.ActiveCfg = Debug|x86
		{2126E69E-037E-4958-A780-9B130C58AFCE}.Debug|x86.Build.0 = Debug|x86
		{2126E69E-037E-4958-A780-9B130C58AFCE}.Debug|x86.Deploy.0 = Debug|x86
		{2126E69E-037E-4958-A780-9B130C58AFCE}.Release|Any CPU.ActiveCfg = Release|x86
		{2126E69E-037E-4958-A780-9B130C58AFCE}.Release|ARM.ActiveCfg = Release|ARM
		{2126E69E-037E-4958-A780-9B130C58AFCE}.Release|ARM.Build.0 = Release|ARM
		{2126E69E-037E-4958-A780-9B130C58AFCE}.Release|ARM.Deploy.0 = Release|ARM
		{2126E69E-037E-4958-A780-9B130C58AFCE}.Release|ARM64.ActiveCfg = Release|ARM64
		{2126E69E-037E-4958-A780-9B130C58AFCE}.Release|ARM64.Build.0 = Release|ARM64
		{2126E69E-037E-4958-A780-9B130C58AFCE}.Release|ARM64.Deploy.0 = Release|ARM64
		{2126E69E-037E-4958-A780-9B130C58AFCE}.Release|x64.ActiveCfg = Release|x64
		{2126E69E-037E-4958-A780-9B130C58AFCE}.Release|x64.Build.0 = Release|x64
		{2126E69E-037E-4958-A780-9B130C58AFCE}.Release|x64.Deploy.0 = Release|x64
		{2126E69E-037E-4958-A780-9B130C58AFCE}.Release|x86.ActiveCfg = Release|x86
		{2126E69E-037E-4958-A780-9B130C58AFCE}.Release|x86.Build.0 = Release|x86
		{2126E69E-037E-4958-A780-9B130C58AFCE}.Release|x86.Deploy.0 = Release|x86
	EndGlobalSection
	GlobalSection(SolutionProperties) = preSolution
		HideSolutionNode = FALSE
	EndGlobalSection
	GlobalSection(NestedProjects) = preSolution
		{D743AC45-D5C0-494B-9F61-B76C54AABDD6} = {672EDA44-62CD-4B70-859C-AC3E020CA969}
		{2126E69E-037E-4958-A780-9B130C58AFCE} = {4D17816F-A923-4858-BC0C-415686837B2F}
	EndGlobalSection
	GlobalSection(ExtensibilityGlobals) = postSolution
		SolutionGuid = {29F69063-ED1A-4B50-9E2A-E765BB2EEC12}
	EndGlobalSection
EndGlobal
